
Microsoft Visual Studio Solution File, Format Version 12.00
# Visual Studio Version 17
VisualStudioVersion = 17.13.35931.197
MinimumVisualStudioVersion = 10.0.40219.1
Project("{FAE04EC0-301F-11D3-BF4B-00C04F79EFBC}") = "MarcasAutos", "MarcasAutos.csproj", "{4398C038-5BF5-1990-AA60-6ACCDFB940D6}"
EndProject
Project("{2150E333-8FDC-42A3-9474-1A3956D46DE8}") = "Test", "Test", "{02EA681E-C7D8-13C7-8484-4AC65E1B71E8}"
EndProject
Project("{FAE04EC0-301F-11D3-BF4B-00C04F79EFBC}") = "MarcasAutos.Tests", "..\MarcasAutos.Tests\MarcasAutos.Tests.csproj", "{AE3F36DC-0105-4671-A98E-FABA952A4BBD}"
	ProjectSection(ProjectDependencies) = postProject
		{4398C038-5BF5-1990-AA60-6ACCDFB940D6} = {4398C038-5BF5-1990-AA60-6ACCDFB940D6}
	EndProjectSection
EndProject
Project("{2150E333-8FDC-42A3-9474-1A3956D46DE8}") = "Elementos de la solución", "Elementos de la solución", "{D107F4C8-89CC-BEA8-D3D7-CA6B7733353D}"
	ProjectSection(SolutionItems) = preProject
		.env = .env
		.env.example = .env.example
		.gitignore = .gitignore
		docker-compose.yml = docker-compose.yml
	EndProjectSection
EndProject
Global
	GlobalSection(SolutionConfigurationPlatforms) = preSolution
		Debug|Any CPU = Debug|Any CPU
		Release|Any CPU = Release|Any CPU
	EndGlobalSection
	GlobalSection(ProjectConfigurationPlatforms) = postSolution
		{4398C038-5BF5-1990-AA60-6ACCDFB940D6}.Debug|Any CPU.ActiveCfg = Debug|Any CPU
		{4398C038-5BF5-1990-AA60-6ACCDFB940D6}.Debug|Any CPU.Build.0 = Debug|Any CPU
		{4398C038-5BF5-1990-AA60-6ACCDFB940D6}.Release|Any CPU.ActiveCfg = Release|Any CPU
		{4398C038-5BF5-1990-AA60-6ACCDFB940D6}.Release|Any CPU.Build.0 = Release|Any CPU
		{AE3F36DC-0105-4671-A98E-FABA952A4BBD}.Debug|Any CPU.ActiveCfg = Debug|Any CPU
		{AE3F36DC-0105-4671-A98E-FABA952A4BBD}.Debug|Any CPU.Build.0 = Debug|Any CPU
		{AE3F36DC-0105-4671-A98E-FABA952A4BBD}.Release|Any CPU.ActiveCfg = Release|Any CPU
		{AE3F36DC-0105-4671-A98E-FABA952A4BBD}.Release|Any CPU.Build.0 = Release|Any CPU
	EndGlobalSection
	GlobalSection(SolutionProperties) = preSolution
		HideSolutionNode = FALSE
	EndGlobalSection
	GlobalSection(NestedProjects) = preSolution
		{AE3F36DC-0105-4671-A98E-FABA952A4BBD} = {02EA681E-C7D8-13C7-8484-4AC65E1B71E8}
	EndGlobalSection
	GlobalSection(ExtensibilityGlobals) = postSolution
		SolutionGuid = {B6EE6073-2968-4E6A-9E99-FDD89892AEE0}
	EndGlobalSection
EndGlobal
